github.com/emiellecarde/test1 v0.0.0-20230703094549-6be6f94d18ab h1:FIiDZLUhrAYn5qsnRG9rW/nZLunmswixhflPQNzIWVc=
github.com/emiellecarde/test1 v0.0.0-20230703094549-6be6f94d18ab/go.mod h1:kTkkn+ZuDGSje5901ehbfvtU9F5eLD7l66Rz6VPjqkI=
github.com/emiellecarde/test1 v0.0.0-20230703100402-49cd32d25085 h1:vlnhIk8/CEXwHt0yKoVhhAyXCQk5Euoan4YoMz5f79c=
github.com/emiellecarde/test1 v0.0.0-20230703100402-49cd32d25085/go.mod h1:kTkkn+ZuDGSje5901ehbfvtU9F5eLD7l66Rz6VPjqkI=
github.com/emiellecarde/test1 v0.0.0-20230703103912-2239269496fb h1:/OViHLLtKQHZ7CCvWCAXt4WX976tnDtE74KrrstC3DQ=
github.com/emiellecarde/test1 v0.0.0-20230703103912-2239269496fb/go.mod h1:kTkkn+ZuDGSje5901ehbfvtU9F5eLD7l66Rz6VPjqkI=
